// !$*UTF8*$!
{
	archiveVersion = 1;
	classes = {
	};
	objectVersion = 55;
	objects = {

/* Begin PBXBuildFile section */
		4F97B7EA2886F5F800B76B0D /* AppDelegate.m in Sources */ = {isa = PBXBuildFile; fileRef = 4F97B7E92886F5F800B76B0D /* AppDelegate.m */; };
		4F97B7ED2886F5F800B76B0D /* SceneDelegate.m in Sources */ = {isa = PBXBuildFile; fileRef = 4F97B7EC2886F5F800B76B0D /* SceneDelegate.m */; };
		4F97B7F02886F5F800B76B0D /* ViewController.m in Sources */ = {isa = PBXBuildFile; fileRef = 4F97B7EF2886F5F800B76B0D /* ViewController.m */; };
		4F97B7F32886F5F800B76B0D /* Main.storyboard in Resources */ = {isa = PBXBuildFile; fileRef = 4F97B7F12886F5F800B76B0D /* Main.storyboard */; };
		4F97B7F52886F5FA00B76B0D /* Assets.xcassets in Resources */ = {isa = PBXBuildFile; fileRef = 4F97B7F42886F5FA00B76B0D /* Assets.xcassets */; };
		4F97B7F82886F5FA00B76B0D /* LaunchScreen.storyboard in Resources */ = {isa = PBXBuildFile; fileRef = 4F97B7F62886F5FA00B76B0D /* LaunchScreen.storyboard */; };
		4F97B7FB2886F5FA00B76B0D /* main.m in Sources */ = {isa = PBXBuildFile; fileRef = 4F97B7FA2886F5FA00B76B0D /* main.m */; };
		B0A1C3CB69B3E765844D3D2D /* Pods_NendIronSourceCustomAdapterObjectiveCSample.framework in Frameworks */ = {isa = PBXBuildFile; fileRef = C0BB3B4DF2C3FFD06E45BFE1 /* Pods_NendIronSourceCustomAdapterObjectiveCSample.framework */; };
/* End PBXBuildFile section */

/* Begin PBXFileReference section */
		1F078986E026E9A65680E52E /* Pods-NendIronSourceCustomAdapterObjectiveCSample.release.xcconfig */ = {isa = PBXFileReference; includeInIndex = 1; lastKnownFileType = text.xcconfig; name = "Pods-NendIronSourceCustomAdapterObjectiveCSample.release.xcconfig"; path = "Target Support Files/Pods-NendIronSourceCustomAdapterObjectiveCSample/Pods-NendIronSourceCustomAdapterObjectiveCSample.release.xcconfig"; sourceTree = "<group>"; };
		4F97B7E52886F5F800B76B0D /* NendIronSourceCustomAdapterObjectiveCSample.app */ = {isa = PBXFileReference; explicitFileType = wrapper.application; includeInIndex = 0; path = NendIronSourceCustomAdapterObjectiveCSample.app; sourceTree = BUILT_PRODUCTS_DIR; };
		4F97B7E82886F5F800B76B0D /* AppDelegate.h */ = {isa = PBXFileReference; lastKnownFileType = sourcecode.c.h; path = AppDelegate.h; sourceTree = "<group>"; };
		4F97B7E92886F5F800B76B0D /* AppDelegate.m */ = {isa = PBXFileReference; lastKnownFileType = sourcecode.c.objc; path = AppDelegate.m; sourceTree = "<group>"; };
		4F97B7EB2886F5F800B76B0D /* SceneDelegate.h */ = {isa = PBXFileReference; lastKnownFileType = sourcecode.c.h; path = SceneDelegate.h; sourceTree = "<group>"; };
		4F97B7EC2886F5F800B76B0D /* SceneDelegate.m */ = {isa = PBXFileReference; lastKnownFileType = sourcecode.c.objc; path = SceneDelegate.m; sourceTree = "<group>"; };
		4F97B7EE2886F5F800B76B0D /* ViewController.h */ = {isa = PBXFileReference; lastKnownFileType = sourcecode.c.h; path = ViewController.h; sourceTree = "<group>"; };
		4F97B7EF2886F5F800B76B0D /* ViewController.m */ = {isa = PBXFileReference; lastKnownFileType = sourcecode.c.objc; path = ViewController.m; sourceTree = "<group>"; };
		4F97B7F22886F5F800B76B0D /* Base */ = {isa = PBXFileReference; lastKnownFileType = file.storyboard; name = Base; path = Base.lproj/Main.storyboard; sourceTree = "<group>"; };
		4F97B7F42886F5FA00B76B0D /* Assets.xcassets */ = {isa = PBXFileReference; lastKnownFileType = folder.assetcatalog; path = Assets.xcassets; sourceTree = "<group>"; };
		4F97B7F72886F5FA00B76B0D /* Base */ = {isa = PBXFileReference; lastKnownFileType = file.storyboard; name = Base; path = Base.lproj/LaunchScreen.storyboard; sourceTree = "<group>"; };
		4F97B7F92886F5FA00B76B0D /* Info.plist */ = {isa = PBXFileReference; lastKnownFileType = text.plist.xml; path = Info.plist; sourceTree = "<group>"; };
		4F97B7FA2886F5FA00B76B0D /* main.m */ = {isa = PBXFileReference; lastKnownFileType = sourcecode.c.objc; path = main.m; sourceTree = "<group>"; };
		4F97B80B2886FC6100B76B0D /* AdSupport.framework */ = {isa = PBXFileReference; lastKnownFileType = wrapper.framework; name = AdSupport.framework; path = System/Library/Frameworks/AdSupport.framework; sourceTree = SDKROOT; };
		738AC7C916A568FE7B0015FB /* Pods-NendIronSourceCustomAdapterObjectiveCSample.debug.xcconfig */ = {isa = PBXFileReference; includeInIndex = 1; lastKnownFileType = text.xcconfig; name = "Pods-NendIronSourceCustomAdapterObjectiveCSample.debug.xcconfig"; path = "Target Support Files/Pods-NendIronSourceCustomAdapterObjectiveCSample/Pods-NendIronSourceCustomAdapterObjectiveCSample.debug.xcconfig"; sourceTree = "<group>"; };
		C0BB3B4DF2C3FFD06E45BFE1 /* Pods_NendIronSourceCustomAdapterObjectiveCSample.framework */ = {isa = PBXFileReference; explicitFileType = wrapper.framework; includeInIndex = 0; path = Pods_NendIronSourceCustomAdapterObjectiveCSample.framework; sourceTree = BUILT_PRODUCTS_DIR; };
/* End PBXFileReference section */

/* Begin PBXFrameworksBuildPhase section */
		4F97B7E22886F5F800B76B0D /* Frameworks */ = {
			isa = PBXFrameworksBuildPhase;
			buildActionMask = 2147483647;
			files = (
				B0A1C3CB69B3E765844D3D2D /* Pods_NendIronSourceCustomAdapterObjectiveCSample.framework in Frameworks */,
			);
			runOnlyForDeploymentPostprocessing = 0;
		};
/* End PBXFrameworksBuildPhase section */

/* Begin PBXGroup section */
		04C2DD916F972DA546125073 /* Frameworks */ = {
			isa = PBXGroup;
			children = (
				4F97B80B2886FC6100B76B0D /* AdSupport.framework */,
				C0BB3B4DF2C3FFD06E45BFE1 /* Pods_NendIronSourceCustomAdapterObjectiveCSample.framework */,
			);
			name = Frameworks;
			sourceTree = "<group>";
		};
		4F97B7DC2886F5F800B76B0D = {
			isa = PBXGroup;
			children = (
				4F97B7E72886F5F800B76B0D /* NendIronSourceCustomAdapterObjectiveCSample */,
				4F97B7E62886F5F800B76B0D /* Products */,
				91A254E12B9F0CB9EF7DB406 /* Pods */,
				04C2DD916F972DA546125073 /* Frameworks */,
			);
			sourceTree = "<group>";
		};
		4F97B7E62886F5F800B76B0D /* Products */ = {
			isa = PBXGroup;
			children = (
				4F97B7E52886F5F800B76B0D /* NendIronSourceCustomAdapterObjectiveCSample.app */,
			);
			name = Products;
			sourceTree = "<group>";
		};
		4F97B7E72886F5F800B76B0D /* NendIronSourceCustomAdapterObjectiveCSample */ = {
			isa = PBXGroup;
			children = (
				4F97B7E82886F5F800B76B0D /* AppDelegate.h */,
				4F97B7E92886F5F800B76B0D /* AppDelegate.m */,
				4F97B7EB2886F5F800B76B0D /* SceneDelegate.h */,
				4F97B7EC2886F5F800B76B0D /* SceneDelegate.m */,
				4F97B7EE2886F5F800B76B0D /* ViewController.h */,
				4F97B7EF2886F5F800B76B0D /* ViewController.m */,
				4F97B7F12886F5F800B76B0D /* Main.storyboard */,
				4F97B7F42886F5FA00B76B0D /* Assets.xcassets */,
				4F97B7F62886F5FA00B76B0D /* LaunchScreen.storyboard */,
				4F97B7F92886F5FA00B76B0D /* Info.plist */,
				4F97B7FA2886F5FA00B76B0D /* main.m */,
			);
			path = NendIronSourceCustomAdapterObjectiveCSample;
			sourceTree = "<group>";
		};
		91A254E12B9F0CB9EF7DB406 /* Pods */ = {
			isa = PBXGroup;
			children = (
				738AC7C916A568FE7B0015FB /* Pods-NendIronSourceCustomAdapterObjectiveCSample.debug.xcconfig */,
				1F078986E026E9A65680E52E /* Pods-NendIronSourceCustomAdapterObjectiveCSample.release.xcconfig */,
			);
			path = Pods;
			sourceTree = "<group>";
		};
/* End PBXGroup section */

/* Begin PBXNativeTarget section */
		4F97B7E42886F5F800B76B0D /* NendIronSourceCustomAdapterObjectiveCSample */ = {
			isa = PBXNativeTarget;
			buildConfigurationList = 4F97B7FE2886F5FA00B76B0D /* Build configuration list for PBXNativeTarget "NendIronSourceCustomAdapterObjectiveCSample" */;
			buildPhases = (
				FCEB5941FF357D6681083EDF /* [CP] Check Pods Manifest.lock */,
				4F97B7E12886F5F800B76B0D /* Sources */,
				4F97B7E22886F5F800B76B0D /* Frameworks */,
				4F97B7E32886F5F800B76B0D /* Resources */,
				6B2420155D9A5872343755FA /* [CP] Copy Pods Resources */,
			);
			buildRules = (
			);
			dependencies = (
			);
			name = NendIronSourceCustomAdapterObjectiveCSample;
			productName = NendIronSourceCustomAdapterObjectiveCSample;
			productReference = 4F97B7E52886F5F800B76B0D /* NendIronSourceCustomAdapterObjectiveCSample.app */;
			productType = "com.apple.product-type.application";
		};
/* End PBXNativeTarget section */

/* Begin PBXProject section */
		4F97B7DD2886F5F800B76B0D /* Project object */ = {
			isa = PBXProject;
			attributes = {
				BuildIndependentTargetsInParallel = 1;
				LastUpgradeCheck = 1340;
				TargetAttributes = {
					4F97B7E42886F5F800B76B0D = {
						CreatedOnToolsVersion = 13.4;
					};
				};
			};
			buildConfigurationList = 4F97B7E02886F5F800B76B0D /* Build configuration list for PBXProject "NendIronSourceCustomAdapterObjectiveCSample" */;
			compatibilityVersion = "Xcode 13.0";
			developmentRegion = en;
			hasScannedForEncodings = 0;
			knownRegions = (
				en,
				Base,
			);
			mainGroup = 4F97B7DC2886F5F800B76B0D;
			productRefGroup = 4F97B7E62886F5F800B76B0D /* Products */;
			projectDirPath = "";
			projectRoot = "";
			targets = (
				4F97B7E42886F5F800B76B0D /* NendIronSourceCustomAdapterObjectiveCSample */,
			);
		};
/* End PBXProject section */

/* Begin PBXResourcesBuildPhase section */
		4F97B7E32886F5F800B76B0D /* Resources */ = {
			isa = PBXResourcesBuildPhase;
			buildActionMask = 2147483647;
			files = (
				4F97B7F82886F5FA00B76B0D /* LaunchScreen.storyboard in Resources */,
				4F97B7F52886F5FA00B76B0D /* Assets.xcassets in Resources */,
				4F97B7F32886F5F800B76B0D /* Main.storyboard in Resources */,
			);
			runOnlyForDeploymentPostprocessing = 0;
		};
/* End PBXResourcesBuildPhase section */

/* Begin PBXShellScriptBuildPhase section */
		6B2420155D9A5872343755FA /* [CP] Copy Pods Resources */ = {
			isa = PBXShellScriptBuildPhase;
			buildActionMask = 2147483647;
			files = (
			);
			inputFileListPaths = (
				"${PODS_ROOT}/Target Support Files/Pods-NendIronSourceCustomAdapterObjectiveCSample/Pods-NendIronSourceCustomAdapterObjectiveCSample-resources-${CONFIGURATION}-input-files.xcfilelist",
			);
			name = "[CP] Copy Pods Resources";
			outputFileListPaths = (
				"${PODS_ROOT}/Target Support Files/Pods-NendIronSourceCustomAdapterObjectiveCSample/Pods-NendIronSourceCustomAdapterObjectiveCSample-resources-${CONFIGURATION}-output-files.xcfilelist",
			);
			runOnlyForDeploymentPostprocessing = 0;
			shellPath = /bin/sh;
			shellScript = "\"${PODS_ROOT}/Target Support Files/Pods-NendIronSourceCustomAdapterObjectiveCSample/Pods-NendIronSourceCustomAdapterObjectiveCSample-resources.sh\"\n";
			showEnvVarsInLog = 0;
		};
		FCEB5941FF357D6681083EDF /* [CP] Check Pods Manifest.lock */ = {
			isa = PBXShellScriptBuildPhase;
			buildActionMask = 2147483647;
			files = (
			);
			inputFileListPaths = (
			);
			inputPaths = (
				"${PODS_PODFILE_DIR_PATH}/Podfile.lock",
				"${PODS_ROOT}/Manifest.lock",
			);
			name = "[CP] Check Pods Manifest.lock";
			outputFileListPaths = (
			);
			outputPaths = (
				"$(DERIVED_FILE_DIR)/Pods-NendIronSourceCustomAdapterObjectiveCSample-checkManifestLockResult.txt",
			);
			runOnlyForDeploymentPostprocessing = 0;
			shellPath = /bin/sh;
			shellScript = "diff \"${PODS_PODFILE_DIR_PATH}/Podfile.lock\" \"${PODS_ROOT}/Manifest.lock\" > /dev/null\nif [ $? != 0 ] ; then\n    # print error to STDERR\n    echo \"error: The sandbox is not in sync with the Podfile.lock. Run 'pod install' or update your CocoaPods installation.\" >&2\n    exit 1\nfi\n# This output is used by Xcode 'outputs' to avoid re-running this script phase.\necho \"SUCCESS\" > \"${SCRIPT_OUTPUT_FILE_0}\"\n";
			showEnvVarsInLog = 0;
		};
/* End PBXShellScriptBuildPhase section */

/* Begin PBXSourcesBuildPhase section */
		4F97B7E12886F5F800B76B0D /* Sources */ = {
			isa = PBXSourcesBuildPhase;
			buildActionMask = 2147483647;
			files = (
				4F97B7F02886F5F800B76B0D /* ViewController.m in Sources */,
				4F97B7EA2886F5F800B76B0D /* AppDelegate.m in Sources */,
				4F97B7FB2886F5FA00B76B0D /* main.m in Sources */,
				4F97B7ED2886F5F800B76B0D /* SceneDelegate.m in Sources */,
			);
			runOnlyForDeploymentPostprocessing = 0;
		};
/* End PBXSourcesBuildPhase section */

/* Begin PBXVariantGroup section */
		4F97B7F12886F5F800B76B0D /* Main.storyboard */ = {
			isa = PBXVariantGroup;
			children = (
				4F97B7F22886F5F800B76B0D /* Base */,
			);
			name = Main.storyboard;
			sourceTree = "<group>";
		};
		4F97B7F62886F5FA00B76B0D /* LaunchScreen.storyboard */ = {
			isa = PBXVariantGroup;
			children = (
				4F97B7F72886F5FA00B76B0D /* Base */,
			);
			name = LaunchScreen.storyboard;
			sourceTree = "<group>";
		};
/* End PBXVariantGroup section */

/* Begin XCBuildConfiguration section */
		4F97B7FC2886F5FA00B76B0D /* Debug */ = {
			isa = XCBuildConfiguration;
			buildSettings = {
				ALWAYS_SEARCH_USER_PATHS = NO;
				CLANG_ANALYZER_NONNULL = YES;
				CLANG_ANALYZER_NUMBER_OBJECT_CONVERSION = YES_AGGRESSIVE;
				CLANG_CXX_LANGUAGE_STANDARD = "gnu++17";
				CLANG_ENABLE_MODULES = YES;
				CLANG_ENABLE_OBJC_ARC = YES;
				CLANG_ENABLE_OBJC_WEAK = YES;
				CLANG_WARN_BLOCK_CAPTURE_AUTORELEASING = YES;
				CLANG_WARN_BOOL_CONVERSION = YES;
				CLANG_WARN_COMMA = YES;
				CLANG_WARN_CONSTANT_CONVERSION = YES;
				CLANG_WARN_DEPRECATED_OBJC_IMPLEMENTATIONS = YES;
				CLANG_WARN_DIRECT_OBJC_ISA_USAGE = YES_ERROR;
				CLANG_WARN_DOCUMENTATION_COMMENTS = YES;
				CLANG_WARN_EMPTY_BODY = YES;
				CLANG_WARN_ENUM_CONVERSION = YES;
				CLANG_WARN_INFINITE_RECURSION = YES;
				CLANG_WARN_INT_CONVERSION = YES;
				CLANG_WARN_NON_LITERAL_NULL_CONVERSION = YES;
				CLANG_WARN_OBJC_IMPLICIT_RETAIN_SELF = YES;
				CLANG_WARN_OBJC_LITERAL_CONVERSION = YES;
				CLANG_WARN_OBJC_ROOT_CLASS = YES_ERROR;
				CLANG_WARN_QUOTED_INCLUDE_IN_FRAMEWORK_HEADER = YES;
				CLANG_WARN_RANGE_LOOP_ANALYSIS = YES;
				CLANG_WARN_STRICT_PROTOTYPES = YES;
				CLANG_WARN_SUSPICIOUS_MOVE = YES;
				CLANG_WARN_UNGUARDED_AVAILABILITY = YES_AGGRESSIVE;
				CLANG_WARN_UNREACHABLE_CODE = YES;
				CLANG_WARN__DUPLICATE_METHOD_MATCH = YES;
				COPY_PHASE_STRIP = NO;
				DEBUG_INFORMATION_FORMAT = dwarf;
				ENABLE_BITCODE = NO;
				ENABLE_STRICT_OBJC_MSGSEND = YES;
				ENABLE_TESTABILITY = YES;
				GCC_C_LANGUAGE_STANDARD = gnu11;
				GCC_DYNAMIC_NO_PIC = NO;
				GCC_NO_COMMON_BLOCKS = YES;
				GCC_OPTIMIZATION_LEVEL = 0;
				GCC_PREPROCESSOR_DEFINITIONS = (
					"DEBUG=1",
					"$(inherited)",
				);
				GCC_WARN_64_TO_32_BIT_CONVERSION = YES;
				GCC_WARN_ABOUT_RETURN_TYPE = YES_ERROR;
				GCC_WARN_UNDECLARED_SELECTOR = YES;
				GCC_WARN_UNINITIALIZED_AUTOS = YES_AGGRESSIVE;
				GCC_WARN_UNUSED_FUNCTION = YES;
				GCC_WARN_UNUSED_VARIABLE = YES;
				IPHONEOS_DEPLOYMENT_TARGET = 11.0;
				MTL_ENABLE_DEBUG_INFO = INCLUDE_SOURCE;
				MTL_FAST_MATH = YES;
				ONLY_ACTIVE_ARCH = YES;
				SDKROOT = iphoneos;
			};
			name = Debug;
		};
		4F97B7FD2886F5FA00B76B0D /* Release */ = {
			isa = XCBuildConfiguration;
			buildSettings = {
				ALWAYS_SEARCH_USER_PATHS = NO;
				CLANG_ANALYZER_NONNULL = YES;
				CLANG_ANALYZER_NUMBER_OBJECT_CONVERSION = YES_AGGRESSIVE;
				CLANG_CXX_LANGUAGE_STANDARD = "gnu++17";
				CLANG_ENABLE_MODULES = YES;
				CLANG_ENABLE_OBJC_ARC = YES;
				CLANG_ENABLE_OBJC_WEAK = YES;
				CLANG_WARN_BLOCK_CAPTURE_AUTORELEASING = YES;
				CLANG_WARN_BOOL_CONVERSION = YES;
				CLANG_WARN_COMMA = YES;
				CLANG_WARN_CONSTANT_CONVERSION = YES;
				CLANG_WARN_DEPRECATED_OBJC_IMPLEMENTATIONS = YES;
				CLANG_WARN_DIRECT_OBJC_ISA_USAGE = YES_ERROR;
				CLANG_WARN_DOCUMENTATION_COMMENTS = YES;
				CLANG_WARN_EMPTY_BODY = YES;
				CLANG_WARN_ENUM_CONVERSION = YES;
				CLANG_WARN_INFINITE_RECURSION = YES;
				CLANG_WARN_INT_CONVERSION = YES;
				CLANG_WARN_NON_LITERAL_NULL_CONVERSION = YES;
				CLANG_WARN_OBJC_IMPLICIT_RETAIN_SELF = YES;
				CLANG_WARN_OBJC_LITERAL_CONVERSION = YES;
				CLANG_WARN_OBJC_ROOT_CLASS = YES_ERROR;
				CLANG_WARN_QUOTED_INCLUDE_IN_FRAMEWORK_HEADER = YES;
				CLANG_WARN_RANGE_LOOP_ANALYSIS = YES;
				CLANG_WARN_STRICT_PROTOTYPES = YES;
				CLANG_WARN_SUSPICIOUS_MOVE = YES;
				CLANG_WARN_UNGUARDED_AVAILABILITY = YES_AGGRESSIVE;
				CLANG_WARN_UNREACHABLE_CODE = YES;
				CLANG_WARN__DUPLICATE_METHOD_MATCH = YES;
				COPY_PHASE_STRIP = NO;
				DEBUG_INFORMATION_FORMAT = "dwarf-with-dsym";
				ENABLE_BITCODE = NO;
				ENABLE_NS_ASSERTIONS = NO;
				ENABLE_STRICT_OBJC_MSGSEND = YES;
				GCC_C_LANGUAGE_STANDARD = gnu11;
				GCC_NO_COMMON_BLOCKS = YES;
				GCC_WARN_64_TO_32_BIT_CONVERSION = YES;
				GCC_WARN_ABOUT_RETURN_TYPE = YES_ERROR;
				GCC_WARN_UNDECLARED_SELECTOR = YES;
				GCC_WARN_UNINITIALIZED_AUTOS = YES_AGGRESSIVE;
				GCC_WARN_UNUSED_FUNCTION = YES;
				GCC_WARN_UNUSED_VARIABLE = YES;
				IPHONEOS_DEPLOYMENT_TARGET = 11.0;
				MTL_ENABLE_DEBUG_INFO = NO;
				MTL_FAST_MATH = YES;
				SDKROOT = iphoneos;
				VALIDATE_PRODUCT = YES;
			};
			name = Release;
		};
		4F97B7FF2886F5FA00B76B0D /* Debug */ = {
			isa = XCBuildConfiguration;
			baseConfigurationReference = 738AC7C916A568FE7B0015FB /* Pods-NendIronSourceCustomAdapterObjectiveCSample.debug.xcconfig */;
			buildSettings = {
				ASSETCATALOG_COMPILER_APPICON_NAME = AppIcon;
				ASSETCATALOG_COMPILER_GLOBAL_ACCENT_COLOR_NAME = AccentColor;
				CODE_SIGN_STYLE = Automatic;
				CURRENT_PROJECT_VERSION = 1;
				DEVELOPMENT_TEAM = "";
				"EXCLUDED_ARCHS[sdk=iphonesimulator*]" = "arm64 i386 armv7 $(inherited)";
				GENERATE_INFOPLIST_FILE = YES;
				INFOPLIST_FILE = NendIronSourceCustomAdapterObjectiveCSample/Info.plist;
				INFOPLIST_KEY_NSUserTrackingUsageDescription = "Need advertising identifier for mediation testing.";
				INFOPLIST_KEY_UIApplicationSupportsIndirectInputEvents = YES;
				INFOPLIST_KEY_UILaunchStoryboardName = LaunchScreen;
				INFOPLIST_KEY_UIMainStoryboardFile = Main;
				INFOPLIST_KEY_UISupportedInterfaceOrientations_iPad = "UIInterfaceOrientationPortrait UIInterfaceOrientationPortraitUpsideDown UIInterfaceOrientationLandscapeLeft UIInterfaceOrientationLandscapeRight";
				INFOPLIST_KEY_UISupportedInterfaceOrientations_iPhone = "UIInterfaceOrientationPortrait UIInterfaceOrientationLandscapeLeft UIInterfaceOrientationLandscapeRight";
				LD_RUNPATH_SEARCH_PATHS = (
					"$(inherited)",
					"@executable_path/Frameworks",
				);
				MARKETING_VERSION = 1.0;
				ONLY_ACTIVE_ARCH = NO;
				PRODUCT_BUNDLE_IDENTIFIER = net.nend.NendIronSourceCustomAdapterObjectiveCSample;
				PRODUCT_NAME = "$(TARGET_NAME)";
				SWIFT_EMIT_LOC_STRINGS = YES;
				TARGETED_DEVICE_FAMILY = "1,2";
			};
			name = Debug;
		};
		4F97B8002886F5FA00B76B0D /* Release */ = {
			isa = XCBuildConfiguration;
			baseConfigurationReference = 1F078986E026E9A65680E52E /* Pods-NendIronSourceCustomAdapterObjectiveCSample.release.xcconfig */;
			buildSettings = {
				ASSETCATALOG_COMPILER_APPICON_NAME = AppIcon;
				ASSETCATALOG_COMPILER_GLOBAL_ACCENT_COLOR_NAME = AccentColor;
				CODE_SIGN_STYLE = Automatic;
				CURRENT_PROJECT_VERSION = 1;
				DEVELOPMENT_TEAM = "";
				"EXCLUDED_ARCHS[sdk=iphonesimulator*]" = "arm64 i386 armv7 $(inherited)";
				GENERATE_INFOPLIST_FILE = YES;
				INFOPLIST_FILE = NendIronSourceCustomAdapterObjectiveCSample/Info.plist;
				INFOPLIST_KEY_NSUserTrackingUsageDescription = "Need advertising identifier for mediation testing.";
				INFOPLIST_KEY_UIApplicationSupportsIndirectInputEvents = YES;
				INFOPLIST_KEY_UILaunchStoryboardName = LaunchScreen;
				INFOPLIST_KEY_UIMainStoryboardFile = Main;
				INFOPLIST_KEY_UISupportedInterfaceOrientations_iPad = "UIInterfaceOrientationPortrait UIInterfaceOrientationPortraitUpsideDown UIInterfaceOrientationLandscapeLeft UIInterfaceOrientationLandscapeRight";
				INFOPLIST_KEY_UISupportedInterfaceOrientations_iPhone = "UIInterfaceOrientationPortrait UIInterfaceOrientationLandscapeLeft UIInterfaceOrientationLandscapeRight";
				LD_RUNPATH_SEARCH_PATHS = (
					"$(inherited)",
					"@executable_path/Frameworks",
				);
				MARKETING_VERSION = 1.0;
				ONLY_ACTIVE_ARCH = NO;
				PRODUCT_BUNDLE_IDENTIFIER = net.nend.NendIronSourceCustomAdapterObjectiveCSample;
				PRODUCT_NAME = "$(TARGET_NAME)";
				SWIFT_EMIT_LOC_STRINGS = YES;
				TARGETED_DEVICE_FAMILY = "1,2";
			};
			name = Release;
		};
/* End XCBuildConfiguration section */

/* Begin XCConfigurationList section */
		4F97B7E02886F5F800B76B0D /* Build configuration list for PBXProject "NendIronSourceCustomAdapterObjectiveCSample" */ = {
			isa = XCConfigurationList;
			buildConfigurations = (
				4F97B7FC2886F5FA00B76B0D /* Debug */,
				4F97B7FD2886F5FA00B76B0D /* Release */,
			);
			defaultConfigurationIsVisible = 0;
			defaultConfigurationName = Release;
		};
		4F97B7FE2886F5FA00B76B0D /* Build configuration list for PBXNativeTarget "NendIronSourceCustomAdapterObjectiveCSample" */ = {
			isa = XCConfigurationList;
			buildConfigurations = (
				4F97B7FF2886F5FA00B76B0D /* Debug */,
				4F97B8002886F5FA00B76B0D /* Release */,
			);
			defaultConfigurationIsVisible = 0;
			defaultConfigurationName = Release;
		};
/* End XCConfigurationList section */
	};
	rootObject = 4F97B7DD2886F5F800B76B0D /* Project object */;
}
